// !$*UTF8*$!
{
	archiveVersion = 1;
	classes = {
	};
	objectVersion = 50;
	objects = {

/* Begin PBXBuildFile section */
		CD6A09E1222039C20003162E /* Extension.swift in Sources */ = {isa = PBXBuildFile; fileRef = CD6A09E0222039C20003162E /* Extension.swift */; };
		CD6C6CE9221F265E004C9DD0 /* MainViewController.swift in Sources */ = {isa = PBXBuildFile; fileRef = CD6C6CE8221F265E004C9DD0 /* MainViewController.swift */; };
		CD6C6CEF221F2701004C9DD0 /* ProfileViewController.swift in Sources */ = {isa = PBXBuildFile; fileRef = CD6C6CEE221F2701004C9DD0 /* ProfileViewController.swift */; };
		CD6C6CF1221F2784004C9DD0 /* CartViewController.swift in Sources */ = {isa = PBXBuildFile; fileRef = CD6C6CF0221F2784004C9DD0 /* CartViewController.swift */; };
		CD6C6CF5221F2B6D004C9DD0 /* MainTabBarViewController.swift in Sources */ = {isa = PBXBuildFile; fileRef = CD6C6CF4221F2B6D004C9DD0 /* MainTabBarViewController.swift */; };
		CDD6C16A221D687C0005710C /* AppDelegate.swift in Sources */ = {isa = PBXBuildFile; fileRef = CDD6C169221D687C0005710C /* AppDelegate.swift */; };
		CDD6C171221D687D0005710C /* Assets.xcassets in Resources */ = {isa = PBXBuildFile; fileRef = CDD6C170221D687D0005710C /* Assets.xcassets */; };
		CDD6C174221D687D0005710C /* LaunchScreen.storyboard in Resources */ = {isa = PBXBuildFile; fileRef = CDD6C172221D687D0005710C /* LaunchScreen.storyboard */; };
/* End PBXBuildFile section */

/* Begin PBXFileReference section */
		CD6A09E0222039C20003162E /* Extension.swift */ = {isa = PBXFileReference; lastKnownFileType = sourcecode.swift; path = Extension.swift; sourceTree = "<group>"; };
		CD6C6CE8221F265E004C9DD0 /* MainViewController.swift */ = {isa = PBXFileReference; lastKnownFileType = sourcecode.swift; path = MainViewController.swift; sourceTree = "<group>"; };
		CD6C6CEE221F2701004C9DD0 /* ProfileViewController.swift */ = {isa = PBXFileReference; lastKnownFileType = sourcecode.swift; path = ProfileViewController.swift; sourceTree = "<group>"; };
		CD6C6CF0221F2784004C9DD0 /* CartViewController.swift */ = {isa = PBXFileReference; lastKnownFileType = sourcecode.swift; path = CartViewController.swift; sourceTree = "<group>"; };
		CD6C6CF4221F2B6D004C9DD0 /* MainTabBarViewController.swift */ = {isa = PBXFileReference; lastKnownFileType = sourcecode.swift; path = MainTabBarViewController.swift; sourceTree = "<group>"; };
		CDD6C166221D687C0005710C /* FoodDelivery.app */ = {isa = PBXFileReference; explicitFileType = wrapper.application; includeInIndex = 0; path = FoodDelivery.app; sourceTree = BUILT_PRODUCTS_DIR; };
		CDD6C169221D687C0005710C /* AppDelegate.swift */ = {isa = PBXFileReference; lastKnownFileType = sourcecode.swift; path = AppDelegate.swift; sourceTree = "<group>"; };
		CDD6C170221D687D0005710C /* Assets.xcassets */ = {isa = PBXFileReference; lastKnownFileType = folder.assetcatalog; path = Assets.xcassets; sourceTree = "<group>"; };
		CDD6C173221D687D0005710C /* Base */ = {isa = PBXFileReference; lastKnownFileType = file.storyboard; name = Base; path = Base.lproj/LaunchScreen.storyboard; sourceTree = "<group>"; };
		CDD6C175221D687D0005710C /* Info.plist */ = {isa = PBXFileReference; lastKnownFileType = text.plist.xml; path = Info.plist; sourceTree = "<group>"; };
/* End PBXFileReference section */

/* Begin PBXFrameworksBuildPhase section */
		CDD6C163221D687C0005710C /* Frameworks */ = {
			isa = PBXFrameworksBuildPhase;
			buildActionMask = 2147483647;
			files = (
			);
			runOnlyForDeploymentPostprocessing = 0;
		};
/* End PBXFrameworksBuildPhase section */

/* Begin PBXGroup section */
		CD6C6CEA221F266D004C9DD0 /* Scenes */ = {
			isa = PBXGroup;
			children = (
				CD6C6CED221F26BE004C9DD0 /* Cart */,
				CD6C6CEC221F26A8004C9DD0 /* Profile */,
				CD6C6CEB221F2696004C9DD0 /* Menu */,
			);
			path = Scenes;
			sourceTree = "<group>";
		};
		CD6C6CEB221F2696004C9DD0 /* Menu */ = {
			isa = PBXGroup;
			children = (
				CD6C6CE8221F265E004C9DD0 /* MainViewController.swift */,
			);
			path = Menu;
			sourceTree = "<group>";
		};
		CD6C6CEC221F26A8004C9DD0 /* Profile */ = {
			isa = PBXGroup;
			children = (
				CD6C6CEE221F2701004C9DD0 /* ProfileViewController.swift */,
			);
			path = Profile;
			sourceTree = "<group>";
		};
		CD6C6CED221F26BE004C9DD0 /* Cart */ = {
			isa = PBXGroup;
			children = (
				CD6C6CF0221F2784004C9DD0 /* CartViewController.swift */,
			);
			path = Cart;
			sourceTree = "<group>";
		};
		CDD6C15D221D687B0005710C = {
			isa = PBXGroup;
			children = (
				CDD6C168221D687C0005710C /* FoodDelivery */,
				CDD6C167221D687C0005710C /* Products */,
			);
			sourceTree = "<group>";
		};
		CDD6C167221D687C0005710C /* Products */ = {
			isa = PBXGroup;
			children = (
				CDD6C166221D687C0005710C /* FoodDelivery.app */,
			);
			name = Products;
			sourceTree = "<group>";
		};
		CDD6C168221D687C0005710C /* FoodDelivery */ = {
			isa = PBXGroup;
			children = (
				CD6A09E0222039C20003162E /* Extension.swift */,
				CD6C6CEA221F266D004C9DD0 /* Scenes */,
				CDD6C169221D687C0005710C /* AppDelegate.swift */,
				CD6C6CF4221F2B6D004C9DD0 /* MainTabBarViewController.swift */,
				CDD6C170221D687D0005710C /* Assets.xcassets */,
				CDD6C172221D687D0005710C /* LaunchScreen.storyboard */,
				CDD6C175221D687D0005710C /* Info.plist */,
			);
			path = FoodDelivery;
			sourceTree = "<group>";
		};
/* End PBXGroup section */

/* Begin PBXNativeTarget section */
		CDD6C165221D687C0005710C /* FoodDelivery */ = {
			isa = PBXNativeTarget;
			buildConfigurationList = CDD6C178221D687D0005710C /* Build configuration list for PBXNativeTarget "FoodDelivery" */;
			buildPhases = (
				CDD6C162221D687C0005710C /* Sources */,
				CDD6C163221D687C0005710C /* Frameworks */,
				CDD6C164221D687C0005710C /* Resources */,
			);
			buildRules = (
			);
			dependencies = (
			);
			name = FoodDelivery;
			productName = FoodDelivery;
			productReference = CDD6C166221D687C0005710C /* FoodDelivery.app */;
			productType = "com.apple.product-type.application";
		};
/* End PBXNativeTarget section */

/* Begin PBXProject section */
		CDD6C15E221D687B0005710C /* Project object */ = {
			isa = PBXProject;
			attributes = {
				LastSwiftUpdateCheck = 1010;
				LastUpgradeCheck = 1010;
				ORGANIZATIONNAME = "Artem Migovich";
				TargetAttributes = {
					CDD6C165221D687C0005710C = {
						CreatedOnToolsVersion = 10.1;
					};
				};
			};
			buildConfigurationList = CDD6C161221D687B0005710C /* Build configuration list for PBXProject "FoodDelivery" */;
			compatibilityVersion = "Xcode 9.3";
			developmentRegion = en;
			hasScannedForEncodings = 0;
			knownRegions = (
				en,
				Base,
			);
			mainGroup = CDD6C15D221D687B0005710C;
			productRefGroup = CDD6C167221D687C0005710C /* Products */;
			projectDirPath = "";
			projectRoot = "";
			targets = (
				CDD6C165221D687C0005710C /* FoodDelivery */,
			);
		};
/* End PBXProject section */

/* Begin PBXResourcesBuildPhase section */
		CDD6C164221D687C0005710C /* Resources */ = {
			isa = PBXResourcesBuildPhase;
			buildActionMask = 2147483647;
			files = (
				CDD6C174221D687D0005710C /* LaunchScreen.storyboard in Resources */,
				CDD6C171221D687D0005710C /* Assets.xcassets in Resources */,
			);
			runOnlyForDeploymentPostprocessing = 0;
		};
/* End PBXResourcesBuildPhase section */

/* Begin PBXSourcesBuildPhase section */
		CDD6C162221D687C0005710C /* Sources */ = {
			isa = PBXSourcesBuildPhase;
			buildActionMask = 2147483647;
			files = (
				CD6C6CEF221F2701004C9DD0 /* ProfileViewController.swift in Sources */,
				CD6C6CE9221F265E004C9DD0 /* MainViewController.swift in Sources */,
				CD6C6CF5221F2B6D004C9DD0 /* MainTabBarViewController.swift in Sources */,
				CD6A09E1222039C20003162E /* Extension.swift in Sources */,
				CDD6C16A221D687C0005710C /* AppDelegate.swift in Sources */,
				CD6C6CF1221F2784004C9DD0 /* CartViewController.swift in Sources */,
			);
			runOnlyForDeploymentPostprocessing = 0;
		};
/* End PBXSourcesBuildPhase section */

/* Begin PBXVariantGroup section */
		CDD6C172221D687D0005710C /* LaunchScreen.storyboard */ = {
			isa = PBXVariantGroup;
			children = (
				CDD6C173221D687D0005710C /* Base */,
			);
			name = LaunchScreen.storyboard;
			sourceTree = "<group>";
		};
/* End PBXVariantGroup section */

/* Begin XCBuildConfiguration section */
		CDD6C176221D687D0005710C /* Debug */ = {
			isa = XCBuildConfiguration;
			buildSettings = {
				ALWAYS_SEARCH_USER_PATHS = NO;
				CLANG_ANALYZER_NONNULL = YES;
				CLANG_ANALYZER_NUMBER_OBJECT_CONVERSION = YES_AGGRESSIVE;
				CLANG_CXX_LANGUAGE_STANDARD = "gnu++14";
				CLANG_CXX_LIBRARY = "libc++";
				CLANG_ENABLE_MODULES = YES;
				CLANG_ENABLE_OBJC_ARC = YES;
				CLANG_ENABLE_OBJC_WEAK = YES;
				CLANG_WARN_BLOCK_CAPTURE_AUTORELEASING = YES;
				CLANG_WARN_BOOL_CONVERSION = YES;
				CLANG_WARN_COMMA = YES;
				CLANG_WARN_CONSTANT_CONVERSION = YES;
				CLANG_WARN_DEPRECATED_OBJC_IMPLEMENTATIONS = YES;
				CLANG_WARN_DIRECT_OBJC_ISA_USAGE = YES_ERROR;
				CLANG_WARN_DOCUMENTATION_COMMENTS = YES;
				CLANG_WARN_EMPTY_BODY = YES;
				CLANG_WARN_ENUM_CONVERSION = YES;
				CLANG_WARN_INFINITE_RECURSION = YES;
				CLANG_WARN_INT_CONVERSION = YES;
				CLANG_WARN_NON_LITERAL_NULL_CONVERSION = YES;
				CLANG_WARN_OBJC_IMPLICIT_RETAIN_SELF = YES;
				CLANG_WARN_OBJC_LITERAL_CONVERSION = YES;
				CLANG_WARN_OBJC_ROOT_CLASS = YES_ERROR;
				CLANG_WARN_RANGE_LOOP_ANALYSIS = YES;
				CLANG_WARN_STRICT_PROTOTYPES = YES;
				CLANG_WARN_SUSPICIOUS_MOVE = YES;
				CLANG_WARN_UNGUARDED_AVAILABILITY = YES_AGGRESSIVE;
				CLANG_WARN_UNREACHABLE_CODE = YES;
				CLANG_WARN__DUPLICATE_METHOD_MATCH = YES;
				CODE_SIGN_IDENTITY = "iPhone Developer";
				COPY_PHASE_STRIP = NO;
				DEBUG_INFORMATION_FORMAT = dwarf;
				ENABLE_STRICT_OBJC_MSGSEND = YES;
				ENABLE_TESTABILITY = YES;
				GCC_C_LANGUAGE_STANDARD = gnu11;
				GCC_DYNAMIC_NO_PIC = NO;
				GCC_NO_COMMON_BLOCKS = YES;
				GCC_OPTIMIZATION_LEVEL = 0;
				GCC_PREPROCESSOR_DEFINITIONS = (
					"DEBUG=1",
					"$(inherited)",
				);
				GCC_WARN_64_TO_32_BIT_CONVERSION = YES;
				GCC_WARN_ABOUT_RETURN_TYPE = YES_ERROR;
				GCC_WARN_UNDECLARED_SELECTOR = YES;
				GCC_WARN_UNINITIALIZED_AUTOS = YES_AGGRESSIVE;
				GCC_WARN_UNUSED_FUNCTION = YES;
				GCC_WARN_UNUSED_VARIABLE = YES;
				IPHONEOS_DEPLOYMENT_TARGET = 12.1;
				MTL_ENABLE_DEBUG_INFO = INCLUDE_SOURCE;
				MTL_FAST_MATH = YES;
				ONLY_ACTIVE_ARCH = YES;
				SDKROOT = iphoneos;
				SWIFT_ACTIVE_COMPILATION_CONDITIONS = DEBUG;
				SWIFT_OPTIMIZATION_LEVEL = "-Onone";
			};
			name = Debug;
		};
		CDD6C177221D687D0005710C /* Release */ = {
			isa = XCBuildConfiguration;
			buildSettings = {
				ALWAYS_SEARCH_USER_PATHS = NO;
				CLANG_ANALYZER_NONNULL = YES;
				CLANG_ANALYZER_NUMBER_OBJECT_CONVERSION = YES_AGGRESSIVE;
				CLANG_CXX_LANGUAGE_STANDARD = "gnu++14";
				CLANG_CXX_LIBRARY = "libc++";
				CLANG_ENABLE_MODULES = YES;
				CLANG_ENABLE_OBJC_ARC = YES;
				CLANG_ENABLE_OBJC_WEAK = YES;
				CLANG_WARN_BLOCK_CAPTURE_AUTORELEASING = YES;
				CLANG_WARN_BOOL_CONVERSION = YES;
				CLANG_WARN_COMMA = YES;
				CLANG_WARN_CONSTANT_CONVERSION = YES;
				CLANG_WARN_DEPRECATED_OBJC_IMPLEMENTATIONS = YES;
				CLANG_WARN_DIRECT_OBJC_ISA_USAGE = YES_ERROR;
				CLANG_WARN_DOCUMENTATION_COMMENTS = YES;
				CLANG_WARN_EMPTY_BODY = YES;
				CLANG_WARN_ENUM_CONVERSION = YES;
				CLANG_WARN_INFINITE_RECURSION = YES;
				CLANG_WARN_INT_CONVERSION = YES;
				CLANG_WARN_NON_LITERAL_NULL_CONVERSION = YES;
				CLANG_WARN_OBJC_IMPLICIT_RETAIN_SELF = YES;
				CLANG_WARN_OBJC_LITERAL_CONVERSION = YES;
				CLANG_WARN_OBJC_ROOT_CLASS = YES_ERROR;
				CLANG_WARN_RANGE_LOOP_ANALYSIS = YES;
				CLANG_WARN_STRICT_PROTOTYPES = YES;
				CLANG_WARN_SUSPICIOUS_MOVE = YES;
				CLANG_WARN_UNGUARDED_AVAILABILITY = YES_AGGRESSIVE;
				CLANG_WARN_UNREACHABLE_CODE = YES;
				CLANG_WARN__DUPLICATE_METHOD_MATCH = YES;
				CODE_SIGN_IDENTITY = "iPhone Developer";
				COPY_PHASE_STRIP = NO;
				DEBUG_INFORMATION_FORMAT = "dwarf-with-dsym";
				ENABLE_NS_ASSERTIONS = NO;
				ENABLE_STRICT_OBJC_MSGSEND = YES;
				GCC_C_LANGUAGE_STANDARD = gnu11;
				GCC_NO_COMMON_BLOCKS = YES;
				GCC_WARN_64_TO_32_BIT_CONVERSION = YES;
				GCC_WARN_ABOUT_RETURN_TYPE = YES_ERROR;
				GCC_WARN_UNDECLARED_SELECTOR = YES;
				GCC_WARN_UNINITIALIZED_AUTOS = YES_AGGRESSIVE;
				GCC_WARN_UNUSED_FUNCTION = YES;
				GCC_WARN_UNUSED_VARIABLE = YES;
				IPHONEOS_DEPLOYMENT_TARGET = 12.1;
				MTL_ENABLE_DEBUG_INFO = NO;
				MTL_FAST_MATH = YES;
				SDKROOT = iphoneos;
				SWIFT_COMPILATION_MODE = wholemodule;
				SWIFT_OPTIMIZATION_LEVEL = "-O";
				VALIDATE_PRODUCT = YES;
			};
			name = Release;
		};
		CDD6C179221D687D0005710C /* Debug */ = {
			isa = XCBuildConfiguration;
			buildSettings = {
				ASSETCATALOG_COMPILER_APPICON_NAME = AppIcon;
				CODE_SIGN_STYLE = Automatic;
				DEVELOPMENT_TEAM = JCY45QFZ9K;
				INFOPLIST_FILE = FoodDelivery/Info.plist;
				LD_RUNPATH_SEARCH_PATHS = (
					"$(inherited)",
					"@executable_path/Frameworks",
				);
				PRODUCT_BUNDLE_IDENTIFIER = com.artemmigovich.FoodDelivery;
				PRODUCT_NAME = "$(TARGET_NAME)";
				SWIFT_VERSION = 4.2;
				TARGETED_DEVICE_FAMILY = "1,2";
			};
			name = Debug;
		};
		CDD6C17A221D687D0005710C /* Release */ = {
			isa = XCBuildConfiguration;
			buildSettings = {
				ASSETCATALOG_COMPILER_APPICON_NAME = AppIcon;
				CODE_SIGN_STYLE = Automatic;
				DEVELOPMENT_TEAM = JCY45QFZ9K;
				INFOPLIST_FILE = FoodDelivery/Info.plist;
				LD_RUNPATH_SEARCH_PATHS = (
					"$(inherited)",
					"@executable_path/Frameworks",
				);
				PRODUCT_BUNDLE_IDENTIFIER = com.artemmigovich.FoodDelivery;
				PRODUCT_NAME = "$(TARGET_NAME)";
				SWIFT_VERSION = 4.2;
				TARGETED_DEVICE_FAMILY = "1,2";
			};
			name = Release;
		};
/* End XCBuildConfiguration section */

/* Begin XCConfigurationList section */
		CDD6C161221D687B0005710C /* Build configuration list for PBXProject "FoodDelivery" */ = {
			isa = XCConfigurationList;
			buildConfigurations = (
				CDD6C176221D687D0005710C /* Debug */,
				CDD6C177221D687D0005710C /* Release */,
			);
			defaultConfigurationIsVisible = 0;
			defaultConfigurationName = Release;
		};
		CDD6C178221D687D0005710C /* Build configuration list for PBXNativeTarget "FoodDelivery" */ = {
			isa = XCConfigurationList;
			buildConfigurations = (
				CDD6C179221D687D0005710C /* Debug */,
				CDD6C17A221D687D0005710C /* Release */,
			);
			defaultConfigurationIsVisible = 0;
			defaultConfigurationName = Release;
		};
/* End XCConfigurationList section */
	};
	rootObject = CDD6C15E221D687B0005710C /* Project object */;
}
