// !$*UTF8*$!
{
	archiveVersion = 1;
	classes = {
	};
	objectVersion = 50;
	objects = {

/* Begin PBXBuildFile section */
		62ACCA70BF0E1988FD931D6B /* Pods_FoodDelivery.framework in Frameworks */ = {isa = PBXBuildFile; fileRef = 008A734EF6B4EC5C0C6116DA /* Pods_FoodDelivery.framework */; };
		CD049DA7223ABE00009280D5 /* ReusableView.swift in Sources */ = {isa = PBXBuildFile; fileRef = CD049DA6223ABE00009280D5 /* ReusableView.swift */; };
		CD049DAA223B02AF009280D5 /* UITableViewExtension.swift in Sources */ = {isa = PBXBuildFile; fileRef = CD049DA9223B02AF009280D5 /* UITableViewExtension.swift */; };
		CD05C784222DDA370077041E /* ProductTableViewCell.swift in Sources */ = {isa = PBXBuildFile; fileRef = CD05C782222DDA370077041E /* ProductTableViewCell.swift */; };
		CD05C7AF22302F4B0077041E /* MenuSection.swift in Sources */ = {isa = PBXBuildFile; fileRef = CD05C7AE22302F4B0077041E /* MenuSection.swift */; };
		CD2EECC5222AE8CB00C9FFAB /* MenuConfigurator.swift in Sources */ = {isa = PBXBuildFile; fileRef = CD2EECC4222AE8CB00C9FFAB /* MenuConfigurator.swift */; };
		CD2EECC7222AF8EE00C9FFAB /* CartPresenter.swift in Sources */ = {isa = PBXBuildFile; fileRef = CD2EECC6222AF8EE00C9FFAB /* CartPresenter.swift */; };
		CD2EECC9222AF8FA00C9FFAB /* CartViewRouter.swift in Sources */ = {isa = PBXBuildFile; fileRef = CD2EECC8222AF8FA00C9FFAB /* CartViewRouter.swift */; };
		CD2EECCB222AF90F00C9FFAB /* CartConfigurator.swift in Sources */ = {isa = PBXBuildFile; fileRef = CD2EECCA222AF90F00C9FFAB /* CartConfigurator.swift */; };
		CD2EECCD222AF94800C9FFAB /* ProfileConfigurator.swift in Sources */ = {isa = PBXBuildFile; fileRef = CD2EECCC222AF94800C9FFAB /* ProfileConfigurator.swift */; };
		CD2EECCF222AF95A00C9FFAB /* ProfilePresenter.swift in Sources */ = {isa = PBXBuildFile; fileRef = CD2EECCE222AF95A00C9FFAB /* ProfilePresenter.swift */; };
		CD2EECD1222AF97200C9FFAB /* ProfileViewRouter.swift in Sources */ = {isa = PBXBuildFile; fileRef = CD2EECD0222AF97200C9FFAB /* ProfileViewRouter.swift */; };
		CD2EECD3222AF98700C9FFAB /* MenuPresenter.swift in Sources */ = {isa = PBXBuildFile; fileRef = CD2EECD2222AF98700C9FFAB /* MenuPresenter.swift */; };
		CD2EECD5222AF99900C9FFAB /* MenuViewRouter.swift in Sources */ = {isa = PBXBuildFile; fileRef = CD2EECD4222AF99900C9FFAB /* MenuViewRouter.swift */; };
		CD2EECD8222AFDF300C9FFAB /* ViewRouter.swift in Sources */ = {isa = PBXBuildFile; fileRef = CD2EECD7222AFDF300C9FFAB /* ViewRouter.swift */; };
		CD48FC0A223C20F0004095E8 /* CategoryHeaderFooterView.swift in Sources */ = {isa = PBXBuildFile; fileRef = CD48FC09223C20F0004095E8 /* CategoryHeaderFooterView.swift */; };
		CD6A09E1222039C20003162E /* UIViewExtension.swift in Sources */ = {isa = PBXBuildFile; fileRef = CD6A09E0222039C20003162E /* UIViewExtension.swift */; };
		CD6C6CE9221F265E004C9DD0 /* MenuTableViewController.swift in Sources */ = {isa = PBXBuildFile; fileRef = CD6C6CE8221F265E004C9DD0 /* MenuTableViewController.swift */; };
		CD6C6CEF221F2701004C9DD0 /* ProfileViewController.swift in Sources */ = {isa = PBXBuildFile; fileRef = CD6C6CEE221F2701004C9DD0 /* ProfileViewController.swift */; };
		CD6C6CF5221F2B6D004C9DD0 /* MainTabBarViewController.swift in Sources */ = {isa = PBXBuildFile; fileRef = CD6C6CF4221F2B6D004C9DD0 /* MainTabBarViewController.swift */; };
		CD700E7F22216DD700435D4D /* MainTabBarPresenter.swift in Sources */ = {isa = PBXBuildFile; fileRef = CD700E7E22216DD700435D4D /* MainTabBarPresenter.swift */; };
		CD880AC8225CDF2600548929 /* CartTableViewController.swift in Sources */ = {isa = PBXBuildFile; fileRef = CD880AC7225CDF2600548929 /* CartTableViewController.swift */; };
		CD880ACB225CE34700548929 /* CartTableViewCell.swift in Sources */ = {isa = PBXBuildFile; fileRef = CD880AC9225CE34700548929 /* CartTableViewCell.swift */; };
		CD880ACC225CE34700548929 /* CartTableViewCell.xib in Resources */ = {isa = PBXBuildFile; fileRef = CD880ACA225CE34700548929 /* CartTableViewCell.xib */; };
		CD880AD0225D4B6400548929 /* AddToCart.swift in Sources */ = {isa = PBXBuildFile; fileRef = CD880ACF225D4B6400548929 /* AddToCart.swift */; };
		CDA670062241131100016380 /* Rswift.framework in Frameworks */ = {isa = PBXBuildFile; fileRef = CDA670052241131100016380 /* Rswift.framework */; };
		CDA6700A2241151900016380 /* R.generated.swift in Sources */ = {isa = PBXBuildFile; fileRef = CDA670092241151900016380 /* R.generated.swift */; };
		CDA6700F2242DF1D00016380 /* Category.swift in Sources */ = {isa = PBXBuildFile; fileRef = CDA6700E2242DF1D00016380 /* Category.swift */; };
		CDA670112242DF2E00016380 /* Product.swift in Sources */ = {isa = PBXBuildFile; fileRef = CDA670102242DF2E00016380 /* Product.swift */; };
		CDA6703A22457D9300016380 /* ApiProduct.swift in Sources */ = {isa = PBXBuildFile; fileRef = CDA6703922457D9300016380 /* ApiProduct.swift */; };
		CDA6703E22467D2000016380 /* ProductTableViewCell.xib in Resources */ = {isa = PBXBuildFile; fileRef = CDA6703C22467D2000016380 /* ProductTableViewCell.xib */; };
		CDD6C16A221D687C0005710C /* AppDelegate.swift in Sources */ = {isa = PBXBuildFile; fileRef = CDD6C169221D687C0005710C /* AppDelegate.swift */; };
		CDD6C171221D687D0005710C /* Assets.xcassets in Resources */ = {isa = PBXBuildFile; fileRef = CDD6C170221D687D0005710C /* Assets.xcassets */; };
		CDD6C174221D687D0005710C /* LaunchScreen.storyboard in Resources */ = {isa = PBXBuildFile; fileRef = CDD6C172221D687D0005710C /* LaunchScreen.storyboard */; };
		CDDE0BB6224A92A900EA0D85 /* ApiCategory.swift in Sources */ = {isa = PBXBuildFile; fileRef = CDDE0BB5224A92A900EA0D85 /* ApiCategory.swift */; };
		CDDE0BB8224A9C6300EA0D85 /* ApiCategoryResponse.swift in Sources */ = {isa = PBXBuildFile; fileRef = CDDE0BB7224A9C6300EA0D85 /* ApiCategoryResponse.swift */; };
		CDE3789E226212720037CD35 /* CounterButton.swift in Sources */ = {isa = PBXBuildFile; fileRef = CDE3789D226212720037CD35 /* CounterButton.swift */; };
		CDFEC58F224E5FDA0058B1C2 /* DisplayMenuCategories.swift in Sources */ = {isa = PBXBuildFile; fileRef = CDFEC58E224E5FDA0058B1C2 /* DisplayMenuCategories.swift */; };
		CDFEC592224E61510058B1C2 /* CategoriesGateway.swift in Sources */ = {isa = PBXBuildFile; fileRef = CDFEC591224E61510058B1C2 /* CategoriesGateway.swift */; };
		CDFEC594224E62410058B1C2 /* Result.swift in Sources */ = {isa = PBXBuildFile; fileRef = CDFEC593224E62410058B1C2 /* Result.swift */; };
		CDFEC59E224EAA730058B1C2 /* ApiResponse.swift in Sources */ = {isa = PBXBuildFile; fileRef = CDFEC59D224EAA730058B1C2 /* ApiResponse.swift */; };
		CDFEC5A0224EAC760058B1C2 /* ApiClient.swift in Sources */ = {isa = PBXBuildFile; fileRef = CDFEC59F224EAC760058B1C2 /* ApiClient.swift */; };
		CDFEC5A72252BA240058B1C2 /* ApiCategoriesGateway.swift in Sources */ = {isa = PBXBuildFile; fileRef = CDFEC5A62252BA240058B1C2 /* ApiCategoriesGateway.swift */; };
/* End PBXBuildFile section */

/* Begin PBXFileReference section */
		008A734EF6B4EC5C0C6116DA /* Pods_FoodDelivery.framework */ = {isa = PBXFileReference; explicitFileType = wrapper.framework; includeInIndex = 0; path = Pods_FoodDelivery.framework; sourceTree = BUILT_PRODUCTS_DIR; };
		0CCA33483824BB1975CCA743 /* Pods-FoodDelivery.release.xcconfig */ = {isa = PBXFileReference; includeInIndex = 1; lastKnownFileType = text.xcconfig; name = "Pods-FoodDelivery.release.xcconfig"; path = "Target Support Files/Pods-FoodDelivery/Pods-FoodDelivery.release.xcconfig"; sourceTree = "<group>"; };
		CD049DA6223ABE00009280D5 /* ReusableView.swift */ = {isa = PBXFileReference; lastKnownFileType = sourcecode.swift; path = ReusableView.swift; sourceTree = "<group>"; };
		CD049DA9223B02AF009280D5 /* UITableViewExtension.swift */ = {isa = PBXFileReference; lastKnownFileType = sourcecode.swift; path = UITableViewExtension.swift; sourceTree = "<group>"; };
		CD05C782222DDA370077041E /* ProductTableViewCell.swift */ = {isa = PBXFileReference; lastKnownFileType = sourcecode.swift; path = ProductTableViewCell.swift; sourceTree = "<group>"; };
		CD05C7AE22302F4B0077041E /* MenuSection.swift */ = {isa = PBXFileReference; lastKnownFileType = sourcecode.swift; path = MenuSection.swift; sourceTree = "<group>"; };
		CD2EECC4222AE8CB00C9FFAB /* MenuConfigurator.swift */ = {isa = PBXFileReference; lastKnownFileType = sourcecode.swift; path = MenuConfigurator.swift; sourceTree = "<group>"; };
		CD2EECC6222AF8EE00C9FFAB /* CartPresenter.swift */ = {isa = PBXFileReference; lastKnownFileType = sourcecode.swift; path = CartPresenter.swift; sourceTree = "<group>"; };
		CD2EECC8222AF8FA00C9FFAB /* CartViewRouter.swift */ = {isa = PBXFileReference; lastKnownFileType = sourcecode.swift; path = CartViewRouter.swift; sourceTree = "<group>"; };
		CD2EECCA222AF90F00C9FFAB /* CartConfigurator.swift */ = {isa = PBXFileReference; lastKnownFileType = sourcecode.swift; path = CartConfigurator.swift; sourceTree = "<group>"; };
		CD2EECCC222AF94800C9FFAB /* ProfileConfigurator.swift */ = {isa = PBXFileReference; lastKnownFileType = sourcecode.swift; path = ProfileConfigurator.swift; sourceTree = "<group>"; };
		CD2EECCE222AF95A00C9FFAB /* ProfilePresenter.swift */ = {isa = PBXFileReference; lastKnownFileType = sourcecode.swift; path = ProfilePresenter.swift; sourceTree = "<group>"; };
		CD2EECD0222AF97200C9FFAB /* ProfileViewRouter.swift */ = {isa = PBXFileReference; lastKnownFileType = sourcecode.swift; path = ProfileViewRouter.swift; sourceTree = "<group>"; };
		CD2EECD2222AF98700C9FFAB /* MenuPresenter.swift */ = {isa = PBXFileReference; lastKnownFileType = sourcecode.swift; path = MenuPresenter.swift; sourceTree = "<group>"; };
		CD2EECD4222AF99900C9FFAB /* MenuViewRouter.swift */ = {isa = PBXFileReference; lastKnownFileType = sourcecode.swift; path = MenuViewRouter.swift; sourceTree = "<group>"; };
		CD2EECD7222AFDF300C9FFAB /* ViewRouter.swift */ = {isa = PBXFileReference; lastKnownFileType = sourcecode.swift; path = ViewRouter.swift; sourceTree = "<group>"; };
		CD48FC09223C20F0004095E8 /* CategoryHeaderFooterView.swift */ = {isa = PBXFileReference; lastKnownFileType = sourcecode.swift; path = CategoryHeaderFooterView.swift; sourceTree = "<group>"; };
		CD6A09E0222039C20003162E /* UIViewExtension.swift */ = {isa = PBXFileReference; lastKnownFileType = sourcecode.swift; path = UIViewExtension.swift; sourceTree = "<group>"; };
		CD6C6CE8221F265E004C9DD0 /* MenuTableViewController.swift */ = {isa = PBXFileReference; lastKnownFileType = sourcecode.swift; path = MenuTableViewController.swift; sourceTree = "<group>"; };
		CD6C6CEE221F2701004C9DD0 /* ProfileViewController.swift */ = {isa = PBXFileReference; lastKnownFileType = sourcecode.swift; path = ProfileViewController.swift; sourceTree = "<group>"; };
		CD6C6CF4221F2B6D004C9DD0 /* MainTabBarViewController.swift */ = {isa = PBXFileReference; lastKnownFileType = sourcecode.swift; path = MainTabBarViewController.swift; sourceTree = "<group>"; };
		CD700E7E22216DD700435D4D /* MainTabBarPresenter.swift */ = {isa = PBXFileReference; lastKnownFileType = sourcecode.swift; path = MainTabBarPresenter.swift; sourceTree = "<group>"; };
		CD880AC7225CDF2600548929 /* CartTableViewController.swift */ = {isa = PBXFileReference; lastKnownFileType = sourcecode.swift; path = CartTableViewController.swift; sourceTree = "<group>"; };
		CD880AC9225CE34700548929 /* CartTableViewCell.swift */ = {isa = PBXFileReference; lastKnownFileType = sourcecode.swift; path = CartTableViewCell.swift; sourceTree = "<group>"; };
		CD880ACA225CE34700548929 /* CartTableViewCell.xib */ = {isa = PBXFileReference; lastKnownFileType = file.xib; path = CartTableViewCell.xib; sourceTree = "<group>"; };
		CD880ACF225D4B6400548929 /* AddToCart.swift */ = {isa = PBXFileReference; lastKnownFileType = sourcecode.swift; path = AddToCart.swift; sourceTree = "<group>"; };
		CDA670052241131100016380 /* Rswift.framework */ = {isa = PBXFileReference; explicitFileType = wrapper.framework; path = Rswift.framework; sourceTree = BUILT_PRODUCTS_DIR; };
		CDA670092241151900016380 /* R.generated.swift */ = {isa = PBXFileReference; fileEncoding = 4; lastKnownFileType = sourcecode.swift; path = R.generated.swift; sourceTree = SOURCE_ROOT; };
		CDA6700E2242DF1D00016380 /* Category.swift */ = {isa = PBXFileReference; lastKnownFileType = sourcecode.swift; path = Category.swift; sourceTree = "<group>"; };
		CDA670102242DF2E00016380 /* Product.swift */ = {isa = PBXFileReference; lastKnownFileType = sourcecode.swift; path = Product.swift; sourceTree = "<group>"; };
		CDA6703922457D9300016380 /* ApiProduct.swift */ = {isa = PBXFileReference; lastKnownFileType = sourcecode.swift; path = ApiProduct.swift; sourceTree = "<group>"; };
		CDA6703C22467D2000016380 /* ProductTableViewCell.xib */ = {isa = PBXFileReference; lastKnownFileType = file.xib; path = ProductTableViewCell.xib; sourceTree = "<group>"; };
		CDD6C166221D687C0005710C /* FoodDelivery.app */ = {isa = PBXFileReference; explicitFileType = wrapper.application; includeInIndex = 0; path = FoodDelivery.app; sourceTree = BUILT_PRODUCTS_DIR; };
		CDD6C169221D687C0005710C /* AppDelegate.swift */ = {isa = PBXFileReference; lastKnownFileType = sourcecode.swift; path = AppDelegate.swift; sourceTree = "<group>"; };
		CDD6C170221D687D0005710C /* Assets.xcassets */ = {isa = PBXFileReference; lastKnownFileType = folder.assetcatalog; path = Assets.xcassets; sourceTree = "<group>"; };
		CDD6C173221D687D0005710C /* Base */ = {isa = PBXFileReference; lastKnownFileType = file.storyboard; name = Base; path = Base.lproj/LaunchScreen.storyboard; sourceTree = "<group>"; };
		CDD6C175221D687D0005710C /* Info.plist */ = {isa = PBXFileReference; lastKnownFileType = text.plist.xml; path = Info.plist; sourceTree = "<group>"; };
		CDDE0BB5224A92A900EA0D85 /* ApiCategory.swift */ = {isa = PBXFileReference; lastKnownFileType = sourcecode.swift; path = ApiCategory.swift; sourceTree = "<group>"; };
		CDDE0BB7224A9C6300EA0D85 /* ApiCategoryResponse.swift */ = {isa = PBXFileReference; lastKnownFileType = sourcecode.swift; path = ApiCategoryResponse.swift; sourceTree = "<group>"; };
		CDE3789D226212720037CD35 /* CounterButton.swift */ = {isa = PBXFileReference; lastKnownFileType = sourcecode.swift; path = CounterButton.swift; sourceTree = "<group>"; };
		CDFEC58E224E5FDA0058B1C2 /* DisplayMenuCategories.swift */ = {isa = PBXFileReference; lastKnownFileType = sourcecode.swift; path = DisplayMenuCategories.swift; sourceTree = "<group>"; };
		CDFEC591224E61510058B1C2 /* CategoriesGateway.swift */ = {isa = PBXFileReference; lastKnownFileType = sourcecode.swift; path = CategoriesGateway.swift; sourceTree = "<group>"; };
		CDFEC593224E62410058B1C2 /* Result.swift */ = {isa = PBXFileReference; lastKnownFileType = sourcecode.swift; path = Result.swift; sourceTree = "<group>"; };
		CDFEC59D224EAA730058B1C2 /* ApiResponse.swift */ = {isa = PBXFileReference; lastKnownFileType = sourcecode.swift; path = ApiResponse.swift; sourceTree = "<group>"; };
		CDFEC59F224EAC760058B1C2 /* ApiClient.swift */ = {isa = PBXFileReference; lastKnownFileType = sourcecode.swift; path = ApiClient.swift; sourceTree = "<group>"; };
		CDFEC5A62252BA240058B1C2 /* ApiCategoriesGateway.swift */ = {isa = PBXFileReference; lastKnownFileType = sourcecode.swift; path = ApiCategoriesGateway.swift; sourceTree = "<group>"; };
		F8557392A9CD60EF08E2AB42 /* Pods-FoodDelivery.debug.xcconfig */ = {isa = PBXFileReference; includeInIndex = 1; lastKnownFileType = text.xcconfig; name = "Pods-FoodDelivery.debug.xcconfig"; path = "Target Support Files/Pods-FoodDelivery/Pods-FoodDelivery.debug.xcconfig"; sourceTree = "<group>"; };
/* End PBXFileReference section */

/* Begin PBXFrameworksBuildPhase section */
		CDD6C163221D687C0005710C /* Frameworks */ = {
			isa = PBXFrameworksBuildPhase;
			buildActionMask = 2147483647;
			files = (
				CDA670062241131100016380 /* Rswift.framework in Frameworks */,
				62ACCA70BF0E1988FD931D6B /* Pods_FoodDelivery.framework in Frameworks */,
			);
			runOnlyForDeploymentPostprocessing = 0;
		};
/* End PBXFrameworksBuildPhase section */

/* Begin PBXGroup section */
		7D2F8DE71B386011ABAF2655 /* Frameworks */ = {
			isa = PBXGroup;
			children = (
				CDA670052241131100016380 /* Rswift.framework */,
				008A734EF6B4EC5C0C6116DA /* Pods_FoodDelivery.framework */,
			);
			name = Frameworks;
			sourceTree = "<group>";
		};
		CD049DA8223B0277009280D5 /* Extensions */ = {
			isa = PBXGroup;
			children = (
				CD049DA9223B02AF009280D5 /* UITableViewExtension.swift */,
				CD6A09E0222039C20003162E /* UIViewExtension.swift */,
			);
			path = Extensions;
			sourceTree = "<group>";
		};
		CD05C7AC22302F210077041E /* Core */ = {
			isa = PBXGroup;
			children = (
				CDFEC590224E613B0058B1C2 /* Gateways */,
				CDFEC58D224E5FAF0058B1C2 /* UseCases */,
				CD049DA8223B0277009280D5 /* Extensions */,
				CD05C7AD22302F350077041E /* Entities */,
			);
			path = Core;
			sourceTree = "<group>";
		};
		CD05C7AD22302F350077041E /* Entities */ = {
			isa = PBXGroup;
			children = (
				CD05C7AE22302F4B0077041E /* MenuSection.swift */,
				CDA6700E2242DF1D00016380 /* Category.swift */,
				CDA670102242DF2E00016380 /* Product.swift */,
				CD880ACF225D4B6400548929 /* AddToCart.swift */,
			);
			path = Entities;
			sourceTree = "<group>";
		};
		CD2EECD6222AFDDD00C9FFAB /* Other */ = {
			isa = PBXGroup;
			children = (
				CD049DA6223ABE00009280D5 /* ReusableView.swift */,
				CD2EECD7222AFDF300C9FFAB /* ViewRouter.swift */,
			);
			path = Other;
			sourceTree = "<group>";
		};
		CD6C6CEA221F266D004C9DD0 /* Scenes */ = {
			isa = PBXGroup;
			children = (
				CD6C6CED221F26BE004C9DD0 /* Cart */,
				CD6C6CEB221F2696004C9DD0 /* Menu */,
				CD700E7D22216D9000435D4D /* Main */,
				CD6C6CEC221F26A8004C9DD0 /* Profile */,
			);
			path = Scenes;
			sourceTree = "<group>";
		};
		CD6C6CEB221F2696004C9DD0 /* Menu */ = {
			isa = PBXGroup;
			children = (
				CD2EECC4222AE8CB00C9FFAB /* MenuConfigurator.swift */,
				CD2EECD2222AF98700C9FFAB /* MenuPresenter.swift */,
				CD6C6CE8221F265E004C9DD0 /* MenuTableViewController.swift */,
				CD2EECD4222AF99900C9FFAB /* MenuViewRouter.swift */,
				CD05C782222DDA370077041E /* ProductTableViewCell.swift */,
				CDA6703C22467D2000016380 /* ProductTableViewCell.xib */,
				CD48FC09223C20F0004095E8 /* CategoryHeaderFooterView.swift */,
				CDE3789D226212720037CD35 /* CounterButton.swift */,
			);
			path = Menu;
			sourceTree = "<group>";
		};
		CD6C6CEC221F26A8004C9DD0 /* Profile */ = {
			isa = PBXGroup;
			children = (
				CD2EECCC222AF94800C9FFAB /* ProfileConfigurator.swift */,
				CD2EECCE222AF95A00C9FFAB /* ProfilePresenter.swift */,
				CD6C6CEE221F2701004C9DD0 /* ProfileViewController.swift */,
				CD2EECD0222AF97200C9FFAB /* ProfileViewRouter.swift */,
			);
			path = Profile;
			sourceTree = "<group>";
		};
		CD6C6CED221F26BE004C9DD0 /* Cart */ = {
			isa = PBXGroup;
			children = (
				CD2EECCA222AF90F00C9FFAB /* CartConfigurator.swift */,
				CD880AC7225CDF2600548929 /* CartTableViewController.swift */,
				CD2EECC6222AF8EE00C9FFAB /* CartPresenter.swift */,
				CD2EECC8222AF8FA00C9FFAB /* CartViewRouter.swift */,
				CD880AC9225CE34700548929 /* CartTableViewCell.swift */,
				CD880ACA225CE34700548929 /* CartTableViewCell.xib */,
			);
			path = Cart;
			sourceTree = "<group>";
		};
		CD700E7D22216D9000435D4D /* Main */ = {
			isa = PBXGroup;
			children = (
				CD6C6CF4221F2B6D004C9DD0 /* MainTabBarViewController.swift */,
				CD700E7E22216DD700435D4D /* MainTabBarPresenter.swift */,
			);
			path = Main;
			sourceTree = "<group>";
		};
		CDA670082241150B00016380 /* Resources */ = {
			isa = PBXGroup;
			children = (
				CDA670092241151900016380 /* R.generated.swift */,
			);
			path = Resources;
			sourceTree = "<group>";
		};
		CDA6703022453BC500016380 /* EntityGateway */ = {
			isa = PBXGroup;
			children = (
				CDA6703122453C0500016380 /* API */,
			);
			path = EntityGateway;
			sourceTree = "<group>";
		};
		CDA6703122453C0500016380 /* API */ = {
			isa = PBXGroup;
			children = (
				CDFEC598224EA6990058B1C2 /* Gateways */,
				CDA6703222453C1A00016380 /* Entities */,
				CDFEC59D224EAA730058B1C2 /* ApiResponse.swift */,
				CDFEC59F224EAC760058B1C2 /* ApiClient.swift */,
			);
			path = API;
			sourceTree = "<group>";
		};
		CDA6703222453C1A00016380 /* Entities */ = {
			isa = PBXGroup;
			children = (
				CDA6703922457D9300016380 /* ApiProduct.swift */,
				CDDE0BB5224A92A900EA0D85 /* ApiCategory.swift */,
				CDDE0BB7224A9C6300EA0D85 /* ApiCategoryResponse.swift */,
			);
			path = Entities;
			sourceTree = "<group>";
		};
		CDD6C15D221D687B0005710C = {
			isa = PBXGroup;
			children = (
				CDD6C168221D687C0005710C /* FoodDelivery */,
				CDD6C167221D687C0005710C /* Products */,
				D4E0CFB06373DC5AD20C58CD /* Pods */,
				7D2F8DE71B386011ABAF2655 /* Frameworks */,
			);
			sourceTree = "<group>";
		};
		CDD6C167221D687C0005710C /* Products */ = {
			isa = PBXGroup;
			children = (
				CDD6C166221D687C0005710C /* FoodDelivery.app */,
			);
			name = Products;
			sourceTree = "<group>";
		};
		CDD6C168221D687C0005710C /* FoodDelivery */ = {
			isa = PBXGroup;
			children = (
				CDA6703022453BC500016380 /* EntityGateway */,
				CDA670082241150B00016380 /* Resources */,
				CD05C7AC22302F210077041E /* Core */,
				CD2EECD6222AFDDD00C9FFAB /* Other */,
				CD6C6CEA221F266D004C9DD0 /* Scenes */,
				CDD6C169221D687C0005710C /* AppDelegate.swift */,
				CDD6C170221D687D0005710C /* Assets.xcassets */,
				CDD6C172221D687D0005710C /* LaunchScreen.storyboard */,
				CDD6C175221D687D0005710C /* Info.plist */,
				CDFEC593224E62410058B1C2 /* Result.swift */,
			);
			path = FoodDelivery;
			sourceTree = "<group>";
		};
		CDFEC58D224E5FAF0058B1C2 /* UseCases */ = {
			isa = PBXGroup;
			children = (
				CDFEC58E224E5FDA0058B1C2 /* DisplayMenuCategories.swift */,
			);
			path = UseCases;
			sourceTree = "<group>";
		};
		CDFEC590224E613B0058B1C2 /* Gateways */ = {
			isa = PBXGroup;
			children = (
				CDFEC591224E61510058B1C2 /* CategoriesGateway.swift */,
			);
			path = Gateways;
			sourceTree = "<group>";
		};
		CDFEC598224EA6990058B1C2 /* Gateways */ = {
			isa = PBXGroup;
			children = (
				CDFEC5A62252BA240058B1C2 /* ApiCategoriesGateway.swift */,
			);
			path = Gateways;
			sourceTree = "<group>";
		};
		D4E0CFB06373DC5AD20C58CD /* Pods */ = {
			isa = PBXGroup;
			children = (
				F8557392A9CD60EF08E2AB42 /* Pods-FoodDelivery.debug.xcconfig */,
				0CCA33483824BB1975CCA743 /* Pods-FoodDelivery.release.xcconfig */,
			);
			path = Pods;
			sourceTree = "<group>";
		};
/* End PBXGroup section */

/* Begin PBXNativeTarget section */
		CDD6C165221D687C0005710C /* FoodDelivery */ = {
			isa = PBXNativeTarget;
			buildConfigurationList = CDD6C178221D687D0005710C /* Build configuration list for PBXNativeTarget "FoodDelivery" */;
			buildPhases = (
				69DCDEF7B68854A25A421BF5 /* [CP] Check Pods Manifest.lock */,
				CDA670072241135800016380 /* RSwift */,
				CDA6700B2241227800016380 /* SwiftLint */,
				CDD6C162221D687C0005710C /* Sources */,
				CDD6C163221D687C0005710C /* Frameworks */,
				CDD6C164221D687C0005710C /* Resources */,
				B606768BC4C3E529B79C9407 /* [CP] Embed Pods Frameworks */,
			);
			buildRules = (
			);
			dependencies = (
			);
			name = FoodDelivery;
			productName = FoodDelivery;
			productReference = CDD6C166221D687C0005710C /* FoodDelivery.app */;
			productType = "com.apple.product-type.application";
		};
/* End PBXNativeTarget section */

/* Begin PBXProject section */
		CDD6C15E221D687B0005710C /* Project object */ = {
			isa = PBXProject;
			attributes = {
				LastSwiftUpdateCheck = 1010;
				LastUpgradeCheck = 1010;
				ORGANIZATIONNAME = "Artem Migovich";
				TargetAttributes = {
					CDD6C165221D687C0005710C = {
						CreatedOnToolsVersion = 10.1;
						LastSwiftMigration = 1020;
					};
				};
			};
			buildConfigurationList = CDD6C161221D687B0005710C /* Build configuration list for PBXProject "FoodDelivery" */;
			compatibilityVersion = "Xcode 9.3";
			developmentRegion = en;
			hasScannedForEncodings = 0;
			knownRegions = (
				en,
				Base,
			);
			mainGroup = CDD6C15D221D687B0005710C;
			productRefGroup = CDD6C167221D687C0005710C /* Products */;
			projectDirPath = "";
			projectRoot = "";
			targets = (
				CDD6C165221D687C0005710C /* FoodDelivery */,
			);
		};
/* End PBXProject section */

/* Begin PBXResourcesBuildPhase section */
		CDD6C164221D687C0005710C /* Resources */ = {
			isa = PBXResourcesBuildPhase;
			buildActionMask = 2147483647;
			files = (
				CDD6C174221D687D0005710C /* LaunchScreen.storyboard in Resources */,
				CDA6703E22467D2000016380 /* ProductTableViewCell.xib in Resources */,
				CDD6C171221D687D0005710C /* Assets.xcassets in Resources */,
				CD880ACC225CE34700548929 /* CartTableViewCell.xib in Resources */,
			);
			runOnlyForDeploymentPostprocessing = 0;
		};
/* End PBXResourcesBuildPhase section */

/* Begin PBXShellScriptBuildPhase section */
		69DCDEF7B68854A25A421BF5 /* [CP] Check Pods Manifest.lock */ = {
			isa = PBXShellScriptBuildPhase;
			buildActionMask = 2147483647;
			files = (
			);
			inputFileListPaths = (
			);
			inputPaths = (
				"${PODS_PODFILE_DIR_PATH}/Podfile.lock",
				"${PODS_ROOT}/Manifest.lock",
			);
			name = "[CP] Check Pods Manifest.lock";
			outputFileListPaths = (
			);
			outputPaths = (
				"$(DERIVED_FILE_DIR)/Pods-FoodDelivery-checkManifestLockResult.txt",
			);
			runOnlyForDeploymentPostprocessing = 0;
			shellPath = /bin/sh;
			shellScript = "diff \"${PODS_PODFILE_DIR_PATH}/Podfile.lock\" \"${PODS_ROOT}/Manifest.lock\" > /dev/null\nif [ $? != 0 ] ; then\n    # print error to STDERR\n    echo \"error: The sandbox is not in sync with the Podfile.lock. Run 'pod install' or update your CocoaPods installation.\" >&2\n    exit 1\nfi\n# This output is used by Xcode 'outputs' to avoid re-running this script phase.\necho \"SUCCESS\" > \"${SCRIPT_OUTPUT_FILE_0}\"\n";
			showEnvVarsInLog = 0;
		};
		B606768BC4C3E529B79C9407 /* [CP] Embed Pods Frameworks */ = {
			isa = PBXShellScriptBuildPhase;
			buildActionMask = 2147483647;
			files = (
			);
			inputFileListPaths = (
			);
			inputPaths = (
				"${PODS_ROOT}/Target Support Files/Pods-FoodDelivery/Pods-FoodDelivery-frameworks.sh",
				"${BUILT_PRODUCTS_DIR}/Alamofire/Alamofire.framework",
				"${BUILT_PRODUCTS_DIR}/Kingfisher/Kingfisher.framework",
				"${BUILT_PRODUCTS_DIR}/R.swift.Library/Rswift.framework",
				"${BUILT_PRODUCTS_DIR}/SwipeableTabBarController/SwipeableTabBarController.framework",
			);
			name = "[CP] Embed Pods Frameworks";
			outputFileListPaths = (
			);
			outputPaths = (
				"${TARGET_BUILD_DIR}/${FRAMEWORKS_FOLDER_PATH}/Alamofire.framework",
				"${TARGET_BUILD_DIR}/${FRAMEWORKS_FOLDER_PATH}/Kingfisher.framework",
				"${TARGET_BUILD_DIR}/${FRAMEWORKS_FOLDER_PATH}/Rswift.framework",
				"${TARGET_BUILD_DIR}/${FRAMEWORKS_FOLDER_PATH}/SwipeableTabBarController.framework",
			);
			runOnlyForDeploymentPostprocessing = 0;
			shellPath = /bin/sh;
			shellScript = "\"${PODS_ROOT}/Target Support Files/Pods-FoodDelivery/Pods-FoodDelivery-frameworks.sh\"\n";
			showEnvVarsInLog = 0;
		};
		CDA670072241135800016380 /* RSwift */ = {
			isa = PBXShellScriptBuildPhase;
			buildActionMask = 2147483647;
			files = (
			);
			inputFileListPaths = (
			);
			inputPaths = (
				"$TEMP_DIR/rswift-lastrun",
			);
			name = RSwift;
			outputFileListPaths = (
			);
			outputPaths = (
				"$SRCROOT/R.generated.swift",
			);
			runOnlyForDeploymentPostprocessing = 0;
			shellPath = /bin/sh;
			shellScript = "\"$PODS_ROOT/R.swift/rswift\" generate \"$SRCROOT/R.generated.swift\"\n";
		};
		CDA6700B2241227800016380 /* SwiftLint */ = {
			isa = PBXShellScriptBuildPhase;
			buildActionMask = 2147483647;
			files = (
			);
			inputFileListPaths = (
			);
			inputPaths = (
			);
			name = SwiftLint;
			outputFileListPaths = (
			);
			outputPaths = (
			);
			runOnlyForDeploymentPostprocessing = 0;
			shellPath = /bin/sh;
			shellScript = "${PODS_ROOT}/SwiftLint/swiftlint --config $SRCROOT/.swiftlint.yml\n";
		};
/* End PBXShellScriptBuildPhase section */

/* Begin PBXSourcesBuildPhase section */
		CDD6C162221D687C0005710C /* Sources */ = {
			isa = PBXSourcesBuildPhase;
			buildActionMask = 2147483647;
			files = (
				CD2EECD5222AF99900C9FFAB /* MenuViewRouter.swift in Sources */,
				CD2EECC9222AF8FA00C9FFAB /* CartViewRouter.swift in Sources */,
				CD6C6CEF221F2701004C9DD0 /* ProfileViewController.swift in Sources */,
				CDFEC59E224EAA730058B1C2 /* ApiResponse.swift in Sources */,
				CDDE0BB8224A9C6300EA0D85 /* ApiCategoryResponse.swift in Sources */,
				CD2EECC5222AE8CB00C9FFAB /* MenuConfigurator.swift in Sources */,
				CD2EECC7222AF8EE00C9FFAB /* CartPresenter.swift in Sources */,
				CD880ACB225CE34700548929 /* CartTableViewCell.swift in Sources */,
				CD2EECCD222AF94800C9FFAB /* ProfileConfigurator.swift in Sources */,
				CD049DAA223B02AF009280D5 /* UITableViewExtension.swift in Sources */,
				CDA6700F2242DF1D00016380 /* Category.swift in Sources */,
				CD2EECCB222AF90F00C9FFAB /* CartConfigurator.swift in Sources */,
				CD6C6CE9221F265E004C9DD0 /* MenuTableViewController.swift in Sources */,
				CDFEC5A72252BA240058B1C2 /* ApiCategoriesGateway.swift in Sources */,
				CDA670112242DF2E00016380 /* Product.swift in Sources */,
				CDFEC5A0224EAC760058B1C2 /* ApiClient.swift in Sources */,
				CDDE0BB6224A92A900EA0D85 /* ApiCategory.swift in Sources */,
				CDFEC58F224E5FDA0058B1C2 /* DisplayMenuCategories.swift in Sources */,
				CD6C6CF5221F2B6D004C9DD0 /* MainTabBarViewController.swift in Sources */,
				CDA6700A2241151900016380 /* R.generated.swift in Sources */,
				CD6A09E1222039C20003162E /* UIViewExtension.swift in Sources */,
				CD05C784222DDA370077041E /* ProductTableViewCell.swift in Sources */,
				CD48FC0A223C20F0004095E8 /* CategoryHeaderFooterView.swift in Sources */,
				CD049DA7223ABE00009280D5 /* ReusableView.swift in Sources */,
				CD880AC8225CDF2600548929 /* CartTableViewController.swift in Sources */,
				CD2EECD1222AF97200C9FFAB /* ProfileViewRouter.swift in Sources */,
				CD880AD0225D4B6400548929 /* AddToCart.swift in Sources */,
				CD2EECD3222AF98700C9FFAB /* MenuPresenter.swift in Sources */,
				CD700E7F22216DD700435D4D /* MainTabBarPresenter.swift in Sources */,
				CDE3789E226212720037CD35 /* CounterButton.swift in Sources */,
				CDFEC594224E62410058B1C2 /* Result.swift in Sources */,
				CD2EECD8222AFDF300C9FFAB /* ViewRouter.swift in Sources */,
				CDD6C16A221D687C0005710C /* AppDelegate.swift in Sources */,
				CDFEC592224E61510058B1C2 /* CategoriesGateway.swift in Sources */,
				CD05C7AF22302F4B0077041E /* MenuSection.swift in Sources */,
				CDA6703A22457D9300016380 /* ApiProduct.swift in Sources */,
				CD2EECCF222AF95A00C9FFAB /* ProfilePresenter.swift in Sources */,
			);
			runOnlyForDeploymentPostprocessing = 0;
		};
/* End PBXSourcesBuildPhase section */

/* Begin PBXVariantGroup section */
		CDD6C172221D687D0005710C /* LaunchScreen.storyboard */ = {
			isa = PBXVariantGroup;
			children = (
				CDD6C173221D687D0005710C /* Base */,
			);
			name = LaunchScreen.storyboard;
			sourceTree = "<group>";
		};
/* End PBXVariantGroup section */

/* Begin XCBuildConfiguration section */
		CDD6C176221D687D0005710C /* Debug */ = {
			isa = XCBuildConfiguration;
			buildSettings = {
				ALWAYS_SEARCH_USER_PATHS = NO;
				CLANG_ANALYZER_NONNULL = YES;
				CLANG_ANALYZER_NUMBER_OBJECT_CONVERSION = YES_AGGRESSIVE;
				CLANG_CXX_LANGUAGE_STANDARD = "gnu++14";
				CLANG_CXX_LIBRARY = "libc++";
				CLANG_ENABLE_MODULES = YES;
				CLANG_ENABLE_OBJC_ARC = YES;
				CLANG_ENABLE_OBJC_WEAK = YES;
				CLANG_WARN_BLOCK_CAPTURE_AUTORELEASING = YES;
				CLANG_WARN_BOOL_CONVERSION = YES;
				CLANG_WARN_COMMA = YES;
				CLANG_WARN_CONSTANT_CONVERSION = YES;
				CLANG_WARN_DEPRECATED_OBJC_IMPLEMENTATIONS = YES;
				CLANG_WARN_DIRECT_OBJC_ISA_USAGE = YES_ERROR;
				CLANG_WARN_DOCUMENTATION_COMMENTS = YES;
				CLANG_WARN_EMPTY_BODY = YES;
				CLANG_WARN_ENUM_CONVERSION = YES;
				CLANG_WARN_INFINITE_RECURSION = YES;
				CLANG_WARN_INT_CONVERSION = YES;
				CLANG_WARN_NON_LITERAL_NULL_CONVERSION = YES;
				CLANG_WARN_OBJC_IMPLICIT_RETAIN_SELF = YES;
				CLANG_WARN_OBJC_LITERAL_CONVERSION = YES;
				CLANG_WARN_OBJC_ROOT_CLASS = YES_ERROR;
				CLANG_WARN_RANGE_LOOP_ANALYSIS = YES;
				CLANG_WARN_STRICT_PROTOTYPES = YES;
				CLANG_WARN_SUSPICIOUS_MOVE = YES;
				CLANG_WARN_UNGUARDED_AVAILABILITY = YES_AGGRESSIVE;
				CLANG_WARN_UNREACHABLE_CODE = YES;
				CLANG_WARN__DUPLICATE_METHOD_MATCH = YES;
				CODE_SIGN_IDENTITY = "iPhone Developer";
				COPY_PHASE_STRIP = NO;
				DEBUG_INFORMATION_FORMAT = dwarf;
				ENABLE_STRICT_OBJC_MSGSEND = YES;
				ENABLE_TESTABILITY = YES;
				GCC_C_LANGUAGE_STANDARD = gnu11;
				GCC_DYNAMIC_NO_PIC = NO;
				GCC_NO_COMMON_BLOCKS = YES;
				GCC_OPTIMIZATION_LEVEL = 0;
				GCC_PREPROCESSOR_DEFINITIONS = (
					"DEBUG=1",
					"$(inherited)",
				);
				GCC_WARN_64_TO_32_BIT_CONVERSION = YES;
				GCC_WARN_ABOUT_RETURN_TYPE = YES_ERROR;
				GCC_WARN_UNDECLARED_SELECTOR = YES;
				GCC_WARN_UNINITIALIZED_AUTOS = YES_AGGRESSIVE;
				GCC_WARN_UNUSED_FUNCTION = YES;
				GCC_WARN_UNUSED_VARIABLE = YES;
				IPHONEOS_DEPLOYMENT_TARGET = 12.1;
				MTL_ENABLE_DEBUG_INFO = INCLUDE_SOURCE;
				MTL_FAST_MATH = YES;
				ONLY_ACTIVE_ARCH = YES;
				SDKROOT = iphoneos;
				SWIFT_ACTIVE_COMPILATION_CONDITIONS = DEBUG;
				SWIFT_OPTIMIZATION_LEVEL = "-Onone";
			};
			name = Debug;
		};
		CDD6C177221D687D0005710C /* Release */ = {
			isa = XCBuildConfiguration;
			buildSettings = {
				ALWAYS_SEARCH_USER_PATHS = NO;
				CLANG_ANALYZER_NONNULL = YES;
				CLANG_ANALYZER_NUMBER_OBJECT_CONVERSION = YES_AGGRESSIVE;
				CLANG_CXX_LANGUAGE_STANDARD = "gnu++14";
				CLANG_CXX_LIBRARY = "libc++";
				CLANG_ENABLE_MODULES = YES;
				CLANG_ENABLE_OBJC_ARC = YES;
				CLANG_ENABLE_OBJC_WEAK = YES;
				CLANG_WARN_BLOCK_CAPTURE_AUTORELEASING = YES;
				CLANG_WARN_BOOL_CONVERSION = YES;
				CLANG_WARN_COMMA = YES;
				CLANG_WARN_CONSTANT_CONVERSION = YES;
				CLANG_WARN_DEPRECATED_OBJC_IMPLEMENTATIONS = YES;
				CLANG_WARN_DIRECT_OBJC_ISA_USAGE = YES_ERROR;
				CLANG_WARN_DOCUMENTATION_COMMENTS = YES;
				CLANG_WARN_EMPTY_BODY = YES;
				CLANG_WARN_ENUM_CONVERSION = YES;
				CLANG_WARN_INFINITE_RECURSION = YES;
				CLANG_WARN_INT_CONVERSION = YES;
				CLANG_WARN_NON_LITERAL_NULL_CONVERSION = YES;
				CLANG_WARN_OBJC_IMPLICIT_RETAIN_SELF = YES;
				CLANG_WARN_OBJC_LITERAL_CONVERSION = YES;
				CLANG_WARN_OBJC_ROOT_CLASS = YES_ERROR;
				CLANG_WARN_RANGE_LOOP_ANALYSIS = YES;
				CLANG_WARN_STRICT_PROTOTYPES = YES;
				CLANG_WARN_SUSPICIOUS_MOVE = YES;
				CLANG_WARN_UNGUARDED_AVAILABILITY = YES_AGGRESSIVE;
				CLANG_WARN_UNREACHABLE_CODE = YES;
				CLANG_WARN__DUPLICATE_METHOD_MATCH = YES;
				CODE_SIGN_IDENTITY = "iPhone Developer";
				COPY_PHASE_STRIP = NO;
				DEBUG_INFORMATION_FORMAT = "dwarf-with-dsym";
				ENABLE_NS_ASSERTIONS = NO;
				ENABLE_STRICT_OBJC_MSGSEND = YES;
				GCC_C_LANGUAGE_STANDARD = gnu11;
				GCC_NO_COMMON_BLOCKS = YES;
				GCC_WARN_64_TO_32_BIT_CONVERSION = YES;
				GCC_WARN_ABOUT_RETURN_TYPE = YES_ERROR;
				GCC_WARN_UNDECLARED_SELECTOR = YES;
				GCC_WARN_UNINITIALIZED_AUTOS = YES_AGGRESSIVE;
				GCC_WARN_UNUSED_FUNCTION = YES;
				GCC_WARN_UNUSED_VARIABLE = YES;
				IPHONEOS_DEPLOYMENT_TARGET = 12.1;
				MTL_ENABLE_DEBUG_INFO = NO;
				MTL_FAST_MATH = YES;
				SDKROOT = iphoneos;
				SWIFT_COMPILATION_MODE = wholemodule;
				SWIFT_OPTIMIZATION_LEVEL = "-O";
				VALIDATE_PRODUCT = YES;
			};
			name = Release;
		};
		CDD6C179221D687D0005710C /* Debug */ = {
			isa = XCBuildConfiguration;
			baseConfigurationReference = F8557392A9CD60EF08E2AB42 /* Pods-FoodDelivery.debug.xcconfig */;
			buildSettings = {
				ASSETCATALOG_COMPILER_APPICON_NAME = AppIcon;
				CODE_SIGN_STYLE = Automatic;
				DEVELOPMENT_TEAM = JCY45QFZ9K;
				INFOPLIST_FILE = FoodDelivery/Info.plist;
				LD_RUNPATH_SEARCH_PATHS = (
					"$(inherited)",
					"@executable_path/Frameworks",
				);
				PRODUCT_BUNDLE_IDENTIFIER = com.artemmigovich.FoodDelivery;
				PRODUCT_NAME = "$(TARGET_NAME)";
				SWIFT_VERSION = 5.0;
				TARGETED_DEVICE_FAMILY = "1,2";
			};
			name = Debug;
		};
		CDD6C17A221D687D0005710C /* Release */ = {
			isa = XCBuildConfiguration;
			baseConfigurationReference = 0CCA33483824BB1975CCA743 /* Pods-FoodDelivery.release.xcconfig */;
			buildSettings = {
				ASSETCATALOG_COMPILER_APPICON_NAME = AppIcon;
				CODE_SIGN_STYLE = Automatic;
				DEVELOPMENT_TEAM = JCY45QFZ9K;
				INFOPLIST_FILE = FoodDelivery/Info.plist;
				LD_RUNPATH_SEARCH_PATHS = (
					"$(inherited)",
					"@executable_path/Frameworks",
				);
				PRODUCT_BUNDLE_IDENTIFIER = com.artemmigovich.FoodDelivery;
				PRODUCT_NAME = "$(TARGET_NAME)";
				SWIFT_VERSION = 5.0;
				TARGETED_DEVICE_FAMILY = "1,2";
			};
			name = Release;
		};
/* End XCBuildConfiguration section */

/* Begin XCConfigurationList section */
		CDD6C161221D687B0005710C /* Build configuration list for PBXProject "FoodDelivery" */ = {
			isa = XCConfigurationList;
			buildConfigurations = (
				CDD6C176221D687D0005710C /* Debug */,
				CDD6C177221D687D0005710C /* Release */,
			);
			defaultConfigurationIsVisible = 0;
			defaultConfigurationName = Release;
		};
		CDD6C178221D687D0005710C /* Build configuration list for PBXNativeTarget "FoodDelivery" */ = {
			isa = XCConfigurationList;
			buildConfigurations = (
				CDD6C179221D687D0005710C /* Debug */,
				CDD6C17A221D687D0005710C /* Release */,
			);
			defaultConfigurationIsVisible = 0;
			defaultConfigurationName = Release;
		};
/* End XCConfigurationList section */
	};
	rootObject = CDD6C15E221D687B0005710C /* Project object */;
}
